
Microsoft Visual Studio Solution File, Format Version 12.00
# Visual Studio Version 17
VisualStudioVersion = 17.11.35312.102
MinimumVisualStudioVersion = 10.0.40219.1
Project("{FAE04EC0-301F-11D3-BF4B-00C04F79EFBC}") = "5 noyabr qrup isi", "5 noyabr qrup isi\5 noyabr qrup isi.csproj", "{F228BC21-D575-4054-B9C0-0571E0D25CDC}"
EndProject
Global
	GlobalSection(SolutionConfigurationPlatforms) = preSolution
		Debug|Any CPU = Debug|Any CPU
		Release|Any CPU = Release|Any CPU
	EndGlobalSection
	GlobalSection(ProjectConfigurationPlatforms) = postSolution
		{F228BC21-D575-4054-B9C0-0571E0D25CDC}.Debug|Any CPU.ActiveCfg = Debug|Any CPU
		{F228BC21-D575-4054-B9C0-0571E0D25CDC}.Debug|Any CPU.Build.0 = Debug|Any CPU
		{F228BC21-D575-4054-B9C0-0571E0D25CDC}.Release|Any CPU.ActiveCfg = Release|Any CPU
		{F228BC21-D575-4054-B9C0-0571E0D25CDC}.Release|Any CPU.Build.0 = Release|Any CPU
	EndGlobalSection
	GlobalSection(SolutionProperties) = preSolution
		HideSolutionNode = FALSE
	EndGlobalSection
	GlobalSection(ExtensibilityGlobals) = postSolution
		SolutionGuid = {3A7D4CFF-CF21-4210-894F-D030A60ED8C9}
	EndGlobalSection
EndGlobal
